[[package]]
category = "main"
description = "Pythonic argument parser, that will make you smile"
name = "docopt"
optional = false
python-versions = "*"
version = "0.6.2"

[[package]]
category = "main"
description = "Bring colors to your terminal."
name = "pastel"
optional = false
python-versions = ">=2.7, !=3.0.*, !=3.1.*, !=3.2.*, !=3.3.*"
version = "0.2.0"

[metadata]
content-hash = "c9398ddfc3582b7fc4ed79e56256c47640a2ddf7b607df0f7492cbe228105704"
python-versions = "^3.6"

[metadata.files]
docopt = [
    {file = "docopt-0.6.2.tar.gz", hash = "sha256:49b3a825280bd66b3aa83585ef59c4a8c82f2c8a522dbe754a8bc8d08c85c491"},
]
pastel = [
    {file = "pastel-0.2.0-py2.py3-none-any.whl", hash = "sha256:18b559dc3ad4ba9b8bd5baebe6503f25f36d21460f021cf27a8d889cb5d17840"},
    {file = "pastel-0.2.0.tar.gz", hash = "sha256:46155fc523bdd4efcd450bbcb3f2b94a6e3b25edc0eb493e081104ad09e1ca36"},
]
